
Microsoft Visual Studio Solution File, Format Version 12.00
# Visual Studio Version 17
VisualStudioVersion = 17.1.32407.343
MinimumVisualStudioVersion = 10.0.40219.1
Project("{FAE04EC0-301F-11D3-BF4B-00C04F79EFBC}") = "ElevenNoteWebApp.Server", "Server\ElevenNoteWebApp.Server.csproj", "{29E84551-8546-4880-BD6C-879182D53B3C}"
EndProject
Project("{FAE04EC0-301F-11D3-BF4B-00C04F79EFBC}") = "ElevenNoteWebApp.Client", "Client\ElevenNoteWebApp.Client.csproj", "{C4411F2F-0482-4649-B8F9-C59445C49737}"
EndProject
Project("{FAE04EC0-301F-11D3-BF4B-00C04F79EFBC}") = "ElevenNoteWebApp.Shared", "Shared\ElevenNoteWebApp.Shared.csproj", "{E53FB62A-0558-45C5-9011-2DEA4FC34E53}"
EndProject
Global
	GlobalSection(SolutionConfigurationPlatforms) = preSolution
		Debug|Any CPU = Debug|Any CPU
		Release|Any CPU = Release|Any CPU
	EndGlobalSection
	GlobalSection(ProjectConfigurationPlatforms) = postSolution
		{29E84551-8546-4880-BD6C-879182D53B3C}.Debug|Any CPU.ActiveCfg = Debug|Any CPU
		{29E84551-8546-4880-BD6C-879182D53B3C}.Debug|Any CPU.Build.0 = Debug|Any CPU
		{29E84551-8546-4880-BD6C-879182D53B3C}.Release|Any CPU.ActiveCfg = Release|Any CPU
		{29E84551-8546-4880-BD6C-879182D53B3C}.Release|Any CPU.Build.0 = Release|Any CPU
		{C4411F2F-0482-4649-B8F9-C59445C49737}.Debug|Any CPU.ActiveCfg = Debug|Any CPU
		{C4411F2F-0482-4649-B8F9-C59445C49737}.Debug|Any CPU.Build.0 = Debug|Any CPU
		{C4411F2F-0482-4649-B8F9-C59445C49737}.Release|Any CPU.ActiveCfg = Release|Any CPU
		{C4411F2F-0482-4649-B8F9-C59445C49737}.Release|Any CPU.Build.0 = Release|Any CPU
		{E53FB62A-0558-45C5-9011-2DEA4FC34E53}.Debug|Any CPU.ActiveCfg = Debug|Any CPU
		{E53FB62A-0558-45C5-9011-2DEA4FC34E53}.Debug|Any CPU.Build.0 = Debug|Any CPU
		{E53FB62A-0558-45C5-9011-2DEA4FC34E53}.Release|Any CPU.ActiveCfg = Release|Any CPU
		{E53FB62A-0558-45C5-9011-2DEA4FC34E53}.Release|Any CPU.Build.0 = Release|Any CPU
	EndGlobalSection
	GlobalSection(SolutionProperties) = preSolution
		HideSolutionNode = FALSE
	EndGlobalSection
	GlobalSection(ExtensibilityGlobals) = postSolution
		SolutionGuid = {57E8E7CF-BDAA-462C-97A7-4775D643C2CE}
	EndGlobalSection
EndGlobal
